<?xml version="1.0" encoding="utf-8"?>
<Project ToolsVersion="17.0" xmlns="http://schemas.microsoft.com/developer/msbuild/2003">
  <ItemGroup>
    <ClCompile Include="source\ExternalMethods\CExtern_Plugin.cpp" />
    <ClCompile Include="source\plugin.cpp" />
    <ClCompile Include="source\plugprovider\plugprovider.cpp" />
    <ClCompile Include="source\platform\WindowController.cpp" />
    <ClCompile Include="source\Component\component.cpp" />
    <ClCompile Include="source\ExternalMethods\CExtern_AudioProcessor.cpp" />
    <ClCompile Include="source\ExternalMethods\CExtern_Component.cpp" />
    <ClCompile Include="source\ExternalMethods\CExtern_EditController.cpp" />
    <ClCompile Include="source\media_For_Reference\audioclient.cpp" />
    <ClCompile Include="source\Component\ComponentHandler.cpp" />
    <!--<ClCompile Include="$(VST3SDK_PATH)\public.sdk\source\vst\hosting\module_win32.cpp" />-->
    <ClCompile Include="source\ExternalMethods\CExternMethods.cpp" />
    <ClCompile Include="source\vst3sdk\public.sdk\source\vst\hosting\hostclasses.cpp" />
    <ClCompile Include="source\vst3sdk\public.sdk\source\vst\hosting\module.cpp" />
    <ClCompile Include="$(ProjectDir)\source\platform\win32\platform.cpp" />
    <ClCompile Include="$(ProjectDir)\source\platform\win32\window.cpp" />
    <ClCompile Include="$(VST3SDK_PATH)\public.sdk\source\vst\hosting\module_win32.cpp" />
  </ItemGroup>
  <ItemGroup>
    <ClInclude Include="source\platform\appinit.h" />
    <ClInclude Include="source\platform\iapplication.h" />
    <ClInclude Include="source\plugin.h" />
    <ClInclude Include="source\helpermethods.h" />
    <ClInclude Include="source\ExternalMethods\CExternMethods.h" />
    <ClInclude Include="source\Component\component.h" />
    <ClInclude Include="source\media_For_Reference\audioclient.h" />
    <ClInclude Include="source\media_For_Reference\imediaserver.h" />
    <ClInclude Include="source\media_For_Reference\iparameterclient.h" />
    <ClInclude Include="source\media_For_Reference\miditovst.h" />
    <ClInclude Include="source\Component\ComponentHandler.h" />
    <ClInclude Include="source\vst3sdk\public.sdk\source\vst\hosting\hostclasses.h" />
    <ClInclude Include="source\vst3sdk\public.sdk\source\vst\hosting\module.h" />
    <ClInclude Include="$(ProjectDir)\source\platform\iplatform.h" />
    <ClInclude Include="$(ProjectDir)\source\platform\iwindow.h" />
    <ClInclude Include="$(ProjectDir)\source\platform\win32\window.h" />
    <ClInclude Include="$(ProjectDir)\source\platform\WindowController.h" />
    <ClInclude Include="$(ProjectDir)\source\plugprovider\plugprovider.h" />
    <ClInclude Include="resource.h" />
    <ClInclude Include="resource1.h" />
  </ItemGroup>
  <ItemGroup>
    <Filter Include="Header Files">
      <UniqueIdentifier>{077E1DEF-4D9B-3C10-B899-354BA9F95877}</UniqueIdentifier>
    </Filter>
    <Filter Include="Source Files">
      <UniqueIdentifier>{B669D5BB-DF27-33C2-A267-6821882CAF49}</UniqueIdentifier>
    </Filter>
  </ItemGroup>
  <ItemGroup>
    <ResourceCompile Include="Resource.rc" />
  </ItemGroup>
</Project>